// !$*UTF8*$!
{
	archiveVersion = 1;
	classes = {
	};
	objectVersion = 46;
	objects = {

/* Begin PBXBuildFile section */
		103447E81E769CE300640B63 /* AppDelegate.swift in Sources */ = {isa = PBXBuildFile; fileRef = 103447E71E769CE300640B63 /* AppDelegate.swift */; };
		103447EA1E769CE300640B63 /* ViewController.swift in Sources */ = {isa = PBXBuildFile; fileRef = 103447E91E769CE300640B63 /* ViewController.swift */; };
		103447ED1E769CE300640B63 /* Main.storyboard in Resources */ = {isa = PBXBuildFile; fileRef = 103447EB1E769CE300640B63 /* Main.storyboard */; };
		103447EF1E769CE300640B63 /* Assets.xcassets in Resources */ = {isa = PBXBuildFile; fileRef = 103447EE1E769CE300640B63 /* Assets.xcassets */; };
		103447F21E769CE300640B63 /* LaunchScreen.storyboard in Resources */ = {isa = PBXBuildFile; fileRef = 103447F01E769CE300640B63 /* LaunchScreen.storyboard */; };
		1035CD5A1E7775C70059C00D /* PushMenu.framework in Frameworks */ = {isa = PBXBuildFile; fileRef = 1035CD591E7775C70059C00D /* PushMenu.framework */; };
		1035CD5B1E7775C70059C00D /* PushMenu.framework in Embed Frameworks */ = {isa = PBXBuildFile; fileRef = 1035CD591E7775C70059C00D /* PushMenu.framework */; settings = {ATTRIBUTES = (CodeSignOnCopy, RemoveHeadersOnCopy, ); }; };
/* End PBXBuildFile section */

/* Begin PBXCopyFilesBuildPhase section */
		1035CD5C1E7775C70059C00D /* Embed Frameworks */ = {
			isa = PBXCopyFilesBuildPhase;
			buildActionMask = 2147483647;
			dstPath = "";
			dstSubfolderSpec = 10;
			files = (
				1035CD5B1E7775C70059C00D /* PushMenu.framework in Embed Frameworks */,
			);
			name = "Embed Frameworks";
			runOnlyForDeploymentPostprocessing = 0;
		};
/* End PBXCopyFilesBuildPhase section */

/* Begin PBXFileReference section */
		103447E41E769CE300640B63 /* PushMenuExample.app */ = {isa = PBXFileReference; explicitFileType = wrapper.application; includeInIndex = 0; path = PushMenuExample.app; sourceTree = BUILT_PRODUCTS_DIR; };
		103447E71E769CE300640B63 /* AppDelegate.swift */ = {isa = PBXFileReference; lastKnownFileType = sourcecode.swift; path = AppDelegate.swift; sourceTree = "<group>"; };
		103447E91E769CE300640B63 /* ViewController.swift */ = {isa = PBXFileReference; lastKnownFileType = sourcecode.swift; path = ViewController.swift; sourceTree = "<group>"; };
		103447EC1E769CE300640B63 /* Base */ = {isa = PBXFileReference; lastKnownFileType = file.storyboard; name = Base; path = Base.lproj/Main.storyboard; sourceTree = "<group>"; };
		103447EE1E769CE300640B63 /* Assets.xcassets */ = {isa = PBXFileReference; lastKnownFileType = folder.assetcatalog; path = Assets.xcassets; sourceTree = "<group>"; };
		103447F11E769CE300640B63 /* Base */ = {isa = PBXFileReference; lastKnownFileType = file.storyboard; name = Base; path = Base.lproj/LaunchScreen.storyboard; sourceTree = "<group>"; };
		103447F31E769CE300640B63 /* Info.plist */ = {isa = PBXFileReference; lastKnownFileType = text.plist.xml; path = Info.plist; sourceTree = "<group>"; };
		1035CD591E7775C70059C00D /* PushMenu.framework */ = {isa = PBXFileReference; explicitFileType = wrapper.framework; path = PushMenu.framework; sourceTree = BUILT_PRODUCTS_DIR; };
/* End PBXFileReference section */

/* Begin PBXFrameworksBuildPhase section */
		103447E11E769CE300640B63 /* Frameworks */ = {
			isa = PBXFrameworksBuildPhase;
			buildActionMask = 2147483647;
			files = (
				1035CD5A1E7775C70059C00D /* PushMenu.framework in Frameworks */,
			);
			runOnlyForDeploymentPostprocessing = 0;
		};
/* End PBXFrameworksBuildPhase section */

/* Begin PBXGroup section */
		103447DB1E769CE300640B63 = {
			isa = PBXGroup;
			children = (
				103447E61E769CE300640B63 /* PushMenuExample */,
				103447E51E769CE300640B63 /* Products */,
				1034480A1E76A96C00640B63 /* Frameworks */,
			);
			sourceTree = "<group>";
		};
		103447E51E769CE300640B63 /* Products */ = {
			isa = PBXGroup;
			children = (
				103447E41E769CE300640B63 /* PushMenuExample.app */,
			);
			name = Products;
			sourceTree = "<group>";
		};
		103447E61E769CE300640B63 /* PushMenuExample */ = {
			isa = PBXGroup;
			children = (
				103447E71E769CE300640B63 /* AppDelegate.swift */,
				103447E91E769CE300640B63 /* ViewController.swift */,
				103447EB1E769CE300640B63 /* Main.storyboard */,
				103447EE1E769CE300640B63 /* Assets.xcassets */,
				103447F01E769CE300640B63 /* LaunchScreen.storyboard */,
				103447F31E769CE300640B63 /* Info.plist */,
			);
			path = PushMenuExample;
			sourceTree = "<group>";
		};
		1034480A1E76A96C00640B63 /* Frameworks */ = {
			isa = PBXGroup;
			children = (
				1035CD591E7775C70059C00D /* PushMenu.framework */,
			);
			name = Frameworks;
			sourceTree = "<group>";
		};
/* End PBXGroup section */

/* Begin PBXNativeTarget section */
		103447E31E769CE300640B63 /* PushMenuExample */ = {
			isa = PBXNativeTarget;
			buildConfigurationList = 103447F61E769CE300640B63 /* Build configuration list for PBXNativeTarget "PushMenuExample" */;
			buildPhases = (
				103447E01E769CE300640B63 /* Sources */,
				103447E11E769CE300640B63 /* Frameworks */,
				103447E21E769CE300640B63 /* Resources */,
				1035CD5C1E7775C70059C00D /* Embed Frameworks */,
			);
			buildRules = (
			);
			dependencies = (
			);
			name = PushMenuExample;
			productName = PushMenuExample;
			productReference = 103447E41E769CE300640B63 /* PushMenuExample.app */;
			productType = "com.apple.product-type.application";
		};
/* End PBXNativeTarget section */

/* Begin PBXProject section */
		103447DC1E769CE300640B63 /* Project object */ = {
			isa = PBXProject;
			attributes = {
				LastSwiftUpdateCheck = 0820;
				LastUpgradeCheck = 0820;
				ORGANIZATIONNAME = "Saoud Rizwan";
				TargetAttributes = {
					103447E31E769CE300640B63 = {
						CreatedOnToolsVersion = 8.2.1;
						ProvisioningStyle = Automatic;
					};
				};
			};
			buildConfigurationList = 103447DF1E769CE300640B63 /* Build configuration list for PBXProject "PushMenuExample" */;
			compatibilityVersion = "Xcode 3.2";
			developmentRegion = English;
			hasScannedForEncodings = 0;
			knownRegions = (
				en,
				Base,
			);
			mainGroup = 103447DB1E769CE300640B63;
			productRefGroup = 103447E51E769CE300640B63 /* Products */;
			projectDirPath = "";
			projectRoot = "";
			targets = (
				103447E31E769CE300640B63 /* PushMenuExample */,
			);
		};
/* End PBXProject section */

/* Begin PBXResourcesBuildPhase section */
		103447E21E769CE300640B63 /* Resources */ = {
			isa = PBXResourcesBuildPhase;
			buildActionMask = 2147483647;
			files = (
				103447F21E769CE300640B63 /* LaunchScreen.storyboard in Resources */,
				103447EF1E769CE300640B63 /* Assets.xcassets in Resources */,
				103447ED1E769CE300640B63 /* Main.storyboard in Resources */,
			);
			runOnlyForDeploymentPostprocessing = 0;
		};
/* End PBXResourcesBuildPhase section */

/* Begin PBXSourcesBuildPhase section */
		103447E01E769CE300640B63 /* Sources */ = {
			isa = PBXSourcesBuildPhase;
			buildActionMask = 2147483647;
			files = (
				103447EA1E769CE300640B63 /* ViewController.swift in Sources */,
				103447E81E769CE300640B63 /* AppDelegate.swift in Sources */,
			);
			runOnlyForDeploymentPostprocessing = 0;
		};
/* End PBXSourcesBuildPhase section */

/* Begin PBXVariantGroup section */
		103447EB1E769CE300640B63 /* Main.storyboard */ = {
			isa = PBXVariantGroup;
			children = (
				103447EC1E769CE300640B63 /* Base */,
			);
			name = Main.storyboard;
			sourceTree = "<group>";
		};
		103447F01E769CE300640B63 /* LaunchScreen.storyboard */ = {
			isa = PBXVariantGroup;
			children = (
				103447F11E769CE300640B63 /* Base */,
			);
			name = LaunchScreen.storyboard;
			sourceTree = "<group>";
		};
/* End PBXVariantGroup section */

/* Begin XCBuildConfiguration section */
		103447F41E769CE300640B63 /* Debug */ = {
			isa = XCBuildConfiguration;
			buildSettings = {
				ALWAYS_SEARCH_USER_PATHS = NO;
				CLANG_ANALYZER_NONNULL = YES;
				CLANG_CXX_LANGUAGE_STANDARD = "gnu++0x";
				CLANG_CXX_LIBRARY = "libc++";
				CLANG_ENABLE_MODULES = YES;
				CLANG_ENABLE_OBJC_ARC = YES;
				CLANG_WARN_BOOL_CONVERSION = YES;
				CLANG_WARN_CONSTANT_CONVERSION = YES;
				CLANG_WARN_DIRECT_OBJC_ISA_USAGE = YES_ERROR;
				CLANG_WARN_DOCUMENTATION_COMMENTS = YES;
				CLANG_WARN_EMPTY_BODY = YES;
				CLANG_WARN_ENUM_CONVERSION = YES;
				CLANG_WARN_INFINITE_RECURSION = YES;
				CLANG_WARN_INT_CONVERSION = YES;
				CLANG_WARN_OBJC_ROOT_CLASS = YES_ERROR;
				CLANG_WARN_SUSPICIOUS_MOVE = YES;
				CLANG_WARN_UNREACHABLE_CODE = YES;
				CLANG_WARN__DUPLICATE_METHOD_MATCH = YES;
				"CODE_SIGN_IDENTITY[sdk=iphoneos*]" = "iPhone Developer";
				COPY_PHASE_STRIP = NO;
				DEBUG_INFORMATION_FORMAT = dwarf;
				ENABLE_STRICT_OBJC_MSGSEND = YES;
				ENABLE_TESTABILITY = YES;
				GCC_C_LANGUAGE_STANDARD = gnu99;
				GCC_DYNAMIC_NO_PIC = NO;
				GCC_NO_COMMON_BLOCKS = YES;
				GCC_OPTIMIZATION_LEVEL = 0;
				GCC_PREPROCESSOR_DEFINITIONS = (
					"DEBUG=1",
					"$(inherited)",
				);
				GCC_WARN_64_TO_32_BIT_CONVERSION = YES;
				GCC_WARN_ABOUT_RETURN_TYPE = YES_ERROR;
				GCC_WARN_UNDECLARED_SELECTOR = YES;
				GCC_WARN_UNINITIALIZED_AUTOS = YES_AGGRESSIVE;
				GCC_WARN_UNUSED_FUNCTION = YES;
				GCC_WARN_UNUSED_VARIABLE = YES;
				IPHONEOS_DEPLOYMENT_TARGET = 10.2;
				MTL_ENABLE_DEBUG_INFO = YES;
				ONLY_ACTIVE_ARCH = YES;
				SDKROOT = iphoneos;
				SWIFT_ACTIVE_COMPILATION_CONDITIONS = DEBUG;
				SWIFT_OPTIMIZATION_LEVEL = "-Onone";
				TARGETED_DEVICE_FAMILY = "1,2";
			};
			name = Debug;
		};
		103447F51E769CE300640B63 /* Release */ = {
			isa = XCBuildConfiguration;
			buildSettings = {
				ALWAYS_SEARCH_USER_PATHS = NO;
				CLANG_ANALYZER_NONNULL = YES;
				CLANG_CXX_LANGUAGE_STANDARD = "gnu++0x";
				CLANG_CXX_LIBRARY = "libc++";
				CLANG_ENABLE_MODULES = YES;
				CLANG_ENABLE_OBJC_ARC = YES;
				CLANG_WARN_BOOL_CONVERSION = YES;
				CLANG_WARN_CONSTANT_CONVERSION = YES;
				CLANG_WARN_DIRECT_OBJC_ISA_USAGE = YES_ERROR;
				CLANG_WARN_DOCUMENTATION_COMMENTS = YES;
				CLANG_WARN_EMPTY_BODY = YES;
				CLANG_WARN_ENUM_CONVERSION = YES;
				CLANG_WARN_INFINITE_RECURSION = YES;
				CLANG_WARN_INT_CONVERSION = YES;
				CLANG_WARN_OBJC_ROOT_CLASS = YES_ERROR;
				CLANG_WARN_SUSPICIOUS_MOVE = YES;
				CLANG_WARN_UNREACHABLE_CODE = YES;
				CLANG_WARN__DUPLICATE_METHOD_MATCH = YES;
				"CODE_SIGN_IDENTITY[sdk=iphoneos*]" = "iPhone Developer";
				COPY_PHASE_STRIP = NO;
				DEBUG_INFORMATION_FORMAT = "dwarf-with-dsym";
				ENABLE_NS_ASSERTIONS = NO;
				ENABLE_STRICT_OBJC_MSGSEND = YES;
				GCC_C_LANGUAGE_STANDARD = gnu99;
				GCC_NO_COMMON_BLOCKS = YES;
				GCC_WARN_64_TO_32_BIT_CONVERSION = YES;
				GCC_WARN_ABOUT_RETURN_TYPE = YES_ERROR;
				GCC_WARN_UNDECLARED_SELECTOR = YES;
				GCC_WARN_UNINITIALIZED_AUTOS = YES_AGGRESSIVE;
				GCC_WARN_UNUSED_FUNCTION = YES;
				GCC_WARN_UNUSED_VARIABLE = YES;
				IPHONEOS_DEPLOYMENT_TARGET = 10.2;
				MTL_ENABLE_DEBUG_INFO = NO;
				SDKROOT = iphoneos;
				SWIFT_OPTIMIZATION_LEVEL = "-Owholemodule";
				TARGETED_DEVICE_FAMILY = "1,2";
				VALIDATE_PRODUCT = YES;
			};
			name = Release;
		};
		103447F71E769CE300640B63 /* Debug */ = {
			isa = XCBuildConfiguration;
			buildSettings = {
				ASSETCATALOG_COMPILER_APPICON_NAME = AppIcon;
				DEVELOPMENT_TEAM = "";
				FRAMEWORK_SEARCH_PATHS = (
					"$(inherited)",
					"$(PROJECT_DIR)",
				);
				INFOPLIST_FILE = PushMenuExample/Info.plist;
				IPHONEOS_DEPLOYMENT_TARGET = 9.0;
				LD_RUNPATH_SEARCH_PATHS = "$(inherited) @executable_path/Frameworks";
				PRODUCT_BUNDLE_IDENTIFIER = saoudrizwan.PushMenuExample;
				PRODUCT_NAME = "$(TARGET_NAME)";
				SWIFT_VERSION = 3.0;
			};
			name = Debug;
		};
		103447F81E769CE300640B63 /* Release */ = {
			isa = XCBuildConfiguration;
			buildSettings = {
				ASSETCATALOG_COMPILER_APPICON_NAME = AppIcon;
				DEVELOPMENT_TEAM = "";
				FRAMEWORK_SEARCH_PATHS = (
					"$(inherited)",
					"$(PROJECT_DIR)",
				);
				INFOPLIST_FILE = PushMenuExample/Info.plist;
				IPHONEOS_DEPLOYMENT_TARGET = 9.0;
				LD_RUNPATH_SEARCH_PATHS = "$(inherited) @executable_path/Frameworks";
				PRODUCT_BUNDLE_IDENTIFIER = saoudrizwan.PushMenuExample;
				PRODUCT_NAME = "$(TARGET_NAME)";
				SWIFT_VERSION = 3.0;
			};
			name = Release;
		};
/* End XCBuildConfiguration section */

/* Begin XCConfigurationList section */
		103447DF1E769CE300640B63 /* Build configuration list for PBXProject "PushMenuExample" */ = {
			isa = XCConfigurationList;
			buildConfigurations = (
				103447F41E769CE300640B63 /* Debug */,
				103447F51E769CE300640B63 /* Release */,
			);
			defaultConfigurationIsVisible = 0;
			defaultConfigurationName = Release;
		};
		103447F61E769CE300640B63 /* Build configuration list for PBXNativeTarget "PushMenuExample" */ = {
			isa = XCConfigurationList;
			buildConfigurations = (
				103447F71E769CE300640B63 /* Debug */,
				103447F81E769CE300640B63 /* Release */,
			);
			defaultConfigurationIsVisible = 0;
			defaultConfigurationName = Release;
		};
/* End XCConfigurationList section */
	};
	rootObject = 103447DC1E769CE300640B63 /* Project object */;
}
